
Microsoft Visual Studio Solution File, Format Version 12.00
# Visual Studio 2012
Project("{FAE04EC0-301F-11D3-BF4B-00C04F79EFBC}") = "Xeora.CLI", "Xeora.CLI\Xeora.CLI.csproj", "{51C920CE-B74A-4662-AEAE-19177B29992B}"
EndProject
Project("{FAE04EC0-301F-11D3-BF4B-00C04F79EFBC}") = "Xeora.Compiler", "..\..\Extension\Xeora.Compiler\Xeora.Compiler.csproj", "{079388C4-3441-437A-A928-8A45D0685433}"
EndProject
Global
	GlobalSection(SolutionConfigurationPlatforms) = preSolution
		Debug|Any CPU = Debug|Any CPU
		Release|Any CPU = Release|Any CPU
	EndGlobalSection
	GlobalSection(ProjectConfigurationPlatforms) = postSolution
		{51C920CE-B74A-4662-AEAE-19177B29992B}.Debug|Any CPU.ActiveCfg = Debug|Any CPU
		{51C920CE-B74A-4662-AEAE-19177B29992B}.Debug|Any CPU.Build.0 = Debug|Any CPU
		{51C920CE-B74A-4662-AEAE-19177B29992B}.Release|Any CPU.ActiveCfg = Release|Any CPU
		{51C920CE-B74A-4662-AEAE-19177B29992B}.Release|Any CPU.Build.0 = Release|Any CPU
		{079388C4-3441-437A-A928-8A45D0685433}.Debug|Any CPU.ActiveCfg = Debug|Any CPU
		{079388C4-3441-437A-A928-8A45D0685433}.Debug|Any CPU.Build.0 = Debug|Any CPU
		{079388C4-3441-437A-A928-8A45D0685433}.Release|Any CPU.ActiveCfg = Release|Any CPU
		{079388C4-3441-437A-A928-8A45D0685433}.Release|Any CPU.Build.0 = Release|Any CPU
	EndGlobalSection
	GlobalSection(MonoDevelopProperties) = preSolution
		Policies = $0
		$0.DotNetNamingPolicy = $1
		$1.DirectoryNamespaceAssociation = PrefixedHierarchical
		$0.TextStylePolicy = $2
		$2.inheritsSet = null
		$2.scope = text/x-csharp
		$0.CSharpFormattingPolicy = $3
		$3.scope = text/x-csharp
		$0.TextStylePolicy = $4
		$4.FileWidth = 80
		$4.TabsToSpaces = True
		$4.scope = text/plain
		$0.StandardHeader = $5
		$0.VersionControlPolicy = $6
		version = 1.0
	EndGlobalSection
EndGlobal
